Microsoft Visual Studio Solution File, Format Version 12.00
# Visual Studio 15
VisualStudioVersion = 15.0.27703.2047
MinimumVisualStudioVersion = 10.0.40219.1
Project("{2150E333-8FDC-42A3-9474-1A3956D46DE8}") = "Common", "Common", "{9C01A9F3-C644-473D-9903-9EC0FDEDD9E5}"
EndProject
Project("{2150E333-8FDC-42A3-9474-1A3956D46DE8}") = "ComponentRegistrar", "ComponentRegistrar", "{34B6548C-0096-49C4-A9F1-8A6FB74E3CFE}"
EndProject
Project("{2150E333-8FDC-42A3-9474-1A3956D46DE8}") = "Tests", "Tests", "{54405153-96CD-436A-9F54-6C65DB36CC71}"
EndProject
Project("{2150E333-8FDC-42A3-9474-1A3956D46DE8}") = "Services Tier", "Services Tier", "{A1F8BCD9-A99A-40E1-9514-6410D2CC5758}"
EndProject
Project("{2150E333-8FDC-42A3-9474-1A3956D46DE8}") = "WebUI", "WebUI", "{ADA6F362-8E4B-46C5-807B-CB1B5ACC1BE2}"
EndProject
Project("{2150E333-8FDC-42A3-9474-1A3956D46DE8}") = "ConsoleUI", "ConsoleUI", "{ADF3D542-7379-4E2D-9019-F50A85CE1527}"
EndProject
Project("{2150E333-8FDC-42A3-9474-1A3956D46DE8}") = "WebApiServices", "WebApiServices", "{C5E4AA8E-DE73-4CE4-A8BA-0E01AAEBC314}"
EndProject
Project("{9A19103F-16F7-4668-BE54-9A1E7A4F7556}") = "WebApiServices", "Services Tier\WebApiServices\WebApiServices.csproj", "{12D50B80-AAFE-4D94-830D-B8B2240E943A}"
EndProject
Project("{9A19103F-16F7-4668-BE54-9A1E7A4F7556}") = "SolarLab.Tests", "Services Tier\Tests\SolarLab.Tests.csproj", "{EFAB72B3-BB1F-475D-B7C4-C9892F80CE65}"
EndProject
Project("{9A19103F-16F7-4668-BE54-9A1E7A4F7556}") = "SolarLab.Domain", "Services Tier\SolarLab.Domain\SolarLab.Domain.csproj", "{5BE820C8-DF9A-463A-ADEA-B5F2D6B0DE92}"
EndProject
Project("{9A19103F-16F7-4668-BE54-9A1E7A4F7556}") = "SolarLab.Domain.Data", "Services Tier\SolarLab.Domain.Data\SolarLab.Domain.Data.csproj", "{45236228-2310-4CE7-B04F-BB0F50CE37B0}"
EndProject
Project("{9A19103F-16F7-4668-BE54-9A1E7A4F7556}") = "SolarLab.AppServices", "Services Tier\SolarLab.AppServices\SolarLab.AppServices.csproj", "{C088EEA9-A1A8-459F-AC31-6696463BB3B6}"
EndProject
Project("{9A19103F-16F7-4668-BE54-9A1E7A4F7556}") = "SolarLab.ComponentRegistrar", "Services Tier\SolarLab.ComponentRegistrar\SolarLab.ComponentRegistrar.csproj", "{9DA5D222-D024-4F21-918B-A77F4B66BA72}"
EndProject
Project("{9A19103F-16F7-4668-BE54-9A1E7A4F7556}") = "ClientConsole", "ConsoleUI\ClientConsole\ClientConsole.csproj", "{99277502-F87E-4AAF-B12F-292462082E2C}"
EndProject
Project("{FAE04EC0-301F-11D3-BF4B-00C04F79EFBC}") = "SolarLab.WebApi.Contracts", "Services Tier\SolarLab.WebApi.Contracts\SolarLab.WebApi.Contracts.csproj", "{FF03713A-1182-4B3D-A636-72FD78FD15FD}"
EndProject
Project("{9A19103F-16F7-4668-BE54-9A1E7A4F7556}") = "WebUI", "WebUI\WebUI.csproj", "{5F5135F7-F103-491E-A824-911C9A10F24F}"
EndProject
Global
	GlobalSection(SolutionConfigurationPlatforms) = preSolution
		Debug|Any CPU = Debug|Any CPU
		Debug|x64 = Debug|x64
		Debug|x86 = Debug|x86
		Release|Any CPU = Release|Any CPU
		Release|x64 = Release|x64
		Release|x86 = Release|x86
	EndGlobalSection
	GlobalSection(ProjectConfigurationPlatforms) = postSolution
		{12D50B80-AAFE-4D94-830D-B8B2240E943A}.Debug|Any CPU.ActiveCfg = Debug|Any CPU
		{12D50B80-AAFE-4D94-830D-B8B2240E943A}.Debug|Any CPU.Build.0 = Debug|Any CPU
		{12D50B80-AAFE-4D94-830D-B8B2240E943A}.Debug|x64.ActiveCfg = Debug|Any CPU
		{12D50B80-AAFE-4D94-830D-B8B2240E943A}.Debug|x64.Build.0 = Debug|Any CPU
		{12D50B80-AAFE-4D94-830D-B8B2240E943A}.Debug|x86.ActiveCfg = Debug|Any CPU
		{12D50B80-AAFE-4D94-830D-B8B2240E943A}.Debug|x86.Build.0 = Debug|Any CPU
		{12D50B80-AAFE-4D94-830D-B8B2240E943A}.Release|Any CPU.ActiveCfg = Release|Any CPU
		{12D50B80-AAFE-4D94-830D-B8B2240E943A}.Release|Any CPU.Build.0 = Release|Any CPU
		{12D50B80-AAFE-4D94-830D-B8B2240E943A}.Release|x64.ActiveCfg = Release|Any CPU
		{12D50B80-AAFE-4D94-830D-B8B2240E943A}.Release|x64.Build.0 = Release|Any CPU
		{12D50B80-AAFE-4D94-830D-B8B2240E943A}.Release|x86.ActiveCfg = Release|Any CPU
		{12D50B80-AAFE-4D94-830D-B8B2240E943A}.Release|x86.Build.0 = Release|Any CPU
		{EFAB72B3-BB1F-475D-B7C4-C9892F80CE65}.Debug|Any CPU.ActiveCfg = Debug|Any CPU
		{EFAB72B3-BB1F-475D-B7C4-C9892F80CE65}.Debug|Any CPU.Build.0 = Debug|Any CPU
		{EFAB72B3-BB1F-475D-B7C4-C9892F80CE65}.Debug|x64.ActiveCfg = Debug|Any CPU
		{EFAB72B3-BB1F-475D-B7C4-C9892F80CE65}.Debug|x64.Build.0 = Debug|Any CPU
		{EFAB72B3-BB1F-475D-B7C4-C9892F80CE65}.Debug|x86.ActiveCfg = Debug|Any CPU
		{EFAB72B3-BB1F-475D-B7C4-C9892F80CE65}.Debug|x86.Build.0 = Debug|Any CPU
		{EFAB72B3-BB1F-475D-B7C4-C9892F80CE65}.Release|Any CPU.ActiveCfg = Release|Any CPU
		{EFAB72B3-BB1F-475D-B7C4-C9892F80CE65}.Release|Any CPU.Build.0 = Release|Any CPU
		{EFAB72B3-BB1F-475D-B7C4-C9892F80CE65}.Release|x64.ActiveCfg = Release|Any CPU
		{EFAB72B3-BB1F-475D-B7C4-C9892F80CE65}.Release|x64.Build.0 = Release|Any CPU
		{EFAB72B3-BB1F-475D-B7C4-C9892F80CE65}.Release|x86.ActiveCfg = Release|Any CPU
		{EFAB72B3-BB1F-475D-B7C4-C9892F80CE65}.Release|x86.Build.0 = Release|Any CPU
		{5BE820C8-DF9A-463A-ADEA-B5F2D6B0DE92}.Debug|Any CPU.ActiveCfg = Debug|Any CPU
		{5BE820C8-DF9A-463A-ADEA-B5F2D6B0DE92}.Debug|Any CPU.Build.0 = Debug|Any CPU
		{5BE820C8-DF9A-463A-ADEA-B5F2D6B0DE92}.Debug|x64.ActiveCfg = Debug|Any CPU
		{5BE820C8-DF9A-463A-ADEA-B5F2D6B0DE92}.Debug|x64.Build.0 = Debug|Any CPU
		{5BE820C8-DF9A-463A-ADEA-B5F2D6B0DE92}.Debug|x86.ActiveCfg = Debug|Any CPU
		{5BE820C8-DF9A-463A-ADEA-B5F2D6B0DE92}.Debug|x86.Build.0 = Debug|Any CPU
		{5BE820C8-DF9A-463A-ADEA-B5F2D6B0DE92}.Release|Any CPU.ActiveCfg = Release|Any CPU
		{5BE820C8-DF9A-463A-ADEA-B5F2D6B0DE92}.Release|Any CPU.Build.0 = Release|Any CPU
		{5BE820C8-DF9A-463A-ADEA-B5F2D6B0DE92}.Release|x64.ActiveCfg = Release|Any CPU
		{5BE820C8-DF9A-463A-ADEA-B5F2D6B0DE92}.Release|x64.Build.0 = Release|Any CPU
		{5BE820C8-DF9A-463A-ADEA-B5F2D6B0DE92}.Release|x86.ActiveCfg = Release|Any CPU
		{5BE820C8-DF9A-463A-ADEA-B5F2D6B0DE92}.Release|x86.Build.0 = Release|Any CPU
		{45236228-2310-4CE7-B04F-BB0F50CE37B0}.Debug|Any CPU.ActiveCfg = Debug|Any CPU
		{45236228-2310-4CE7-B04F-BB0F50CE37B0}.Debug|Any CPU.Build.0 = Debug|Any CPU
		{45236228-2310-4CE7-B04F-BB0F50CE37B0}.Debug|x64.ActiveCfg = Debug|Any CPU
		{45236228-2310-4CE7-B04F-BB0F50CE37B0}.Debug|x64.Build.0 = Debug|Any CPU
		{45236228-2310-4CE7-B04F-BB0F50CE37B0}.Debug|x86.ActiveCfg = Debug|Any CPU
		{45236228-2310-4CE7-B04F-BB0F50CE37B0}.Debug|x86.Build.0 = Debug|Any CPU
		{45236228-2310-4CE7-B04F-BB0F50CE37B0}.Release|Any CPU.ActiveCfg = Release|Any CPU
		{45236228-2310-4CE7-B04F-BB0F50CE37B0}.Release|Any CPU.Build.0 = Release|Any CPU
		{45236228-2310-4CE7-B04F-BB0F50CE37B0}.Release|x64.ActiveCfg = Release|Any CPU
		{45236228-2310-4CE7-B04F-BB0F50CE37B0}.Release|x64.Build.0 = Release|Any CPU
		{45236228-2310-4CE7-B04F-BB0F50CE37B0}.Release|x86.ActiveCfg = Release|Any CPU
		{45236228-2310-4CE7-B04F-BB0F50CE37B0}.Release|x86.Build.0 = Release|Any CPU
		{C088EEA9-A1A8-459F-AC31-6696463BB3B6}.Debug|Any CPU.ActiveCfg = Debug|Any CPU
		{C088EEA9-A1A8-459F-AC31-6696463BB3B6}.Debug|Any CPU.Build.0 = Debug|Any CPU
		{C088EEA9-A1A8-459F-AC31-6696463BB3B6}.Debug|x64.ActiveCfg = Debug|Any CPU
		{C088EEA9-A1A8-459F-AC31-6696463BB3B6}.Debug|x64.Build.0 = Debug|Any CPU
		{C088EEA9-A1A8-459F-AC31-6696463BB3B6}.Debug|x86.ActiveCfg = Debug|Any CPU
		{C088EEA9-A1A8-459F-AC31-6696463BB3B6}.Debug|x86.Build.0 = Debug|Any CPU
		{C088EEA9-A1A8-459F-AC31-6696463BB3B6}.Release|Any CPU.ActiveCfg = Release|Any CPU
		{C088EEA9-A1A8-459F-AC31-6696463BB3B6}.Release|Any CPU.Build.0 = Release|Any CPU
		{C088EEA9-A1A8-459F-AC31-6696463BB3B6}.Release|x64.ActiveCfg = Release|Any CPU
		{C088EEA9-A1A8-459F-AC31-6696463BB3B6}.Release|x64.Build.0 = Release|Any CPU
		{C088EEA9-A1A8-459F-AC31-6696463BB3B6}.Release|x86.ActiveCfg = Release|Any CPU
		{C088EEA9-A1A8-459F-AC31-6696463BB3B6}.Release|x86.Build.0 = Release|Any CPU
		{9DA5D222-D024-4F21-918B-A77F4B66BA72}.Debug|Any CPU.ActiveCfg = Debug|Any CPU
		{9DA5D222-D024-4F21-918B-A77F4B66BA72}.Debug|Any CPU.Build.0 = Debug|Any CPU
		{9DA5D222-D024-4F21-918B-A77F4B66BA72}.Debug|x64.ActiveCfg = Debug|Any CPU
		{9DA5D222-D024-4F21-918B-A77F4B66BA72}.Debug|x64.Build.0 = Debug|Any CPU
		{9DA5D222-D024-4F21-918B-A77F4B66BA72}.Debug|x86.ActiveCfg = Debug|Any CPU
		{9DA5D222-D024-4F21-918B-A77F4B66BA72}.Debug|x86.Build.0 = Debug|Any CPU
		{9DA5D222-D024-4F21-918B-A77F4B66BA72}.Release|Any CPU.ActiveCfg = Release|Any CPU
		{9DA5D222-D024-4F21-918B-A77F4B66BA72}.Release|Any CPU.Build.0 = Release|Any CPU
		{9DA5D222-D024-4F21-918B-A77F4B66BA72}.Release|x64.ActiveCfg = Release|Any CPU
		{9DA5D222-D024-4F21-918B-A77F4B66BA72}.Release|x64.Build.0 = Release|Any CPU
		{9DA5D222-D024-4F21-918B-A77F4B66BA72}.Release|x86.ActiveCfg = Release|Any CPU
		{9DA5D222-D024-4F21-918B-A77F4B66BA72}.Release|x86.Build.0 = Release|Any CPU
		{99277502-F87E-4AAF-B12F-292462082E2C}.Debug|Any CPU.ActiveCfg = Debug|Any CPU
		{99277502-F87E-4AAF-B12F-292462082E2C}.Debug|Any CPU.Build.0 = Debug|Any CPU
		{99277502-F87E-4AAF-B12F-292462082E2C}.Debug|x64.ActiveCfg = Debug|Any CPU
		{99277502-F87E-4AAF-B12F-292462082E2C}.Debug|x64.Build.0 = Debug|Any CPU
		{99277502-F87E-4AAF-B12F-292462082E2C}.Debug|x86.ActiveCfg = Debug|Any CPU
		{99277502-F87E-4AAF-B12F-292462082E2C}.Debug|x86.Build.0 = Debug|Any CPU
		{99277502-F87E-4AAF-B12F-292462082E2C}.Release|Any CPU.ActiveCfg = Release|Any CPU
		{99277502-F87E-4AAF-B12F-292462082E2C}.Release|Any CPU.Build.0 = Release|Any CPU
		{99277502-F87E-4AAF-B12F-292462082E2C}.Release|x64.ActiveCfg = Release|Any CPU
		{99277502-F87E-4AAF-B12F-292462082E2C}.Release|x64.Build.0 = Release|Any CPU
		{99277502-F87E-4AAF-B12F-292462082E2C}.Release|x86.ActiveCfg = Release|Any CPU
		{99277502-F87E-4AAF-B12F-292462082E2C}.Release|x86.Build.0 = Release|Any CPU
		{FF03713A-1182-4B3D-A636-72FD78FD15FD}.Debug|Any CPU.ActiveCfg = Debug|Any CPU
		{FF03713A-1182-4B3D-A636-72FD78FD15FD}.Debug|Any CPU.Build.0 = Debug|Any CPU
		{FF03713A-1182-4B3D-A636-72FD78FD15FD}.Debug|x64.ActiveCfg = Debug|Any CPU
		{FF03713A-1182-4B3D-A636-72FD78FD15FD}.Debug|x64.Build.0 = Debug|Any CPU
		{FF03713A-1182-4B3D-A636-72FD78FD15FD}.Debug|x86.ActiveCfg = Debug|Any CPU
		{FF03713A-1182-4B3D-A636-72FD78FD15FD}.Debug|x86.Build.0 = Debug|Any CPU
		{FF03713A-1182-4B3D-A636-72FD78FD15FD}.Release|Any CPU.ActiveCfg = Release|Any CPU
		{FF03713A-1182-4B3D-A636-72FD78FD15FD}.Release|Any CPU.Build.0 = Release|Any CPU
		{FF03713A-1182-4B3D-A636-72FD78FD15FD}.Release|x64.ActiveCfg = Release|Any CPU
		{FF03713A-1182-4B3D-A636-72FD78FD15FD}.Release|x64.Build.0 = Release|Any CPU
		{FF03713A-1182-4B3D-A636-72FD78FD15FD}.Release|x86.ActiveCfg = Release|Any CPU
		{FF03713A-1182-4B3D-A636-72FD78FD15FD}.Release|x86.Build.0 = Release|Any CPU
		{5F5135F7-F103-491E-A824-911C9A10F24F}.Debug|Any CPU.ActiveCfg = Debug|Any CPU
		{5F5135F7-F103-491E-A824-911C9A10F24F}.Debug|Any CPU.Build.0 = Debug|Any CPU
		{5F5135F7-F103-491E-A824-911C9A10F24F}.Debug|x64.ActiveCfg = Debug|Any CPU
		{5F5135F7-F103-491E-A824-911C9A10F24F}.Debug|x64.Build.0 = Debug|Any CPU
		{5F5135F7-F103-491E-A824-911C9A10F24F}.Debug|x86.ActiveCfg = Debug|Any CPU
		{5F5135F7-F103-491E-A824-911C9A10F24F}.Debug|x86.Build.0 = Debug|Any CPU
		{5F5135F7-F103-491E-A824-911C9A10F24F}.Release|Any CPU.ActiveCfg = Release|Any CPU
		{5F5135F7-F103-491E-A824-911C9A10F24F}.Release|Any CPU.Build.0 = Release|Any CPU
		{5F5135F7-F103-491E-A824-911C9A10F24F}.Release|x64.ActiveCfg = Release|Any CPU
		{5F5135F7-F103-491E-A824-911C9A10F24F}.Release|x64.Build.0 = Release|Any CPU
		{5F5135F7-F103-491E-A824-911C9A10F24F}.Release|x86.ActiveCfg = Release|Any CPU
		{5F5135F7-F103-491E-A824-911C9A10F24F}.Release|x86.Build.0 = Release|Any CPU
	EndGlobalSection
	GlobalSection(SolutionProperties) = preSolution
		HideSolutionNode = FALSE
	EndGlobalSection
	GlobalSection(NestedProjects) = preSolution
		{9C01A9F3-C644-473D-9903-9EC0FDEDD9E5} = {A1F8BCD9-A99A-40E1-9514-6410D2CC5758}
		{34B6548C-0096-49C4-A9F1-8A6FB74E3CFE} = {A1F8BCD9-A99A-40E1-9514-6410D2CC5758}
		{54405153-96CD-436A-9F54-6C65DB36CC71} = {A1F8BCD9-A99A-40E1-9514-6410D2CC5758}
		{C5E4AA8E-DE73-4CE4-A8BA-0E01AAEBC314} = {A1F8BCD9-A99A-40E1-9514-6410D2CC5758}
		{12D50B80-AAFE-4D94-830D-B8B2240E943A} = {C5E4AA8E-DE73-4CE4-A8BA-0E01AAEBC314}
		{EFAB72B3-BB1F-475D-B7C4-C9892F80CE65} = {54405153-96CD-436A-9F54-6C65DB36CC71}
		{5BE820C8-DF9A-463A-ADEA-B5F2D6B0DE92} = {A1F8BCD9-A99A-40E1-9514-6410D2CC5758}
		{45236228-2310-4CE7-B04F-BB0F50CE37B0} = {A1F8BCD9-A99A-40E1-9514-6410D2CC5758}
		{C088EEA9-A1A8-459F-AC31-6696463BB3B6} = {A1F8BCD9-A99A-40E1-9514-6410D2CC5758}
		{9DA5D222-D024-4F21-918B-A77F4B66BA72} = {34B6548C-0096-49C4-A9F1-8A6FB74E3CFE}
		{99277502-F87E-4AAF-B12F-292462082E2C} = {ADF3D542-7379-4E2D-9019-F50A85CE1527}
		{FF03713A-1182-4B3D-A636-72FD78FD15FD} = {C5E4AA8E-DE73-4CE4-A8BA-0E01AAEBC314}
		{5F5135F7-F103-491E-A824-911C9A10F24F} = {ADA6F362-8E4B-46C5-807B-CB1B5ACC1BE2}
	EndGlobalSection
	GlobalSection(ExtensibilityGlobals) = postSolution
		SolutionGuid = {0179C9EC-8F8A-4472-8B21-455CE5711481}
	EndGlobalSection
EndGlobal
